
Microsoft Visual Studio Solution File, Format Version 12.00
# Visual Studio Version 16
VisualStudioVersion = 16.0.30717.126
MinimumVisualStudioVersion = 10.0.40219.1
Project("{9A19103F-16F7-4668-BE54-9A1E7A4F7556}") = "Easy chat", "Easy chat.csproj", "{240C878D-E634-4374-8FB2-FD7B767B1110}"
EndProject
Project("{FAE04EC0-301F-11D3-BF4B-00C04F79EFBC}") = "Entities", "..\Entities\Entities.csproj", "{C2274006-7709-4A2C-B2DA-D7F4B0964347}"
EndProject
Project("{FAE04EC0-301F-11D3-BF4B-00C04F79EFBC}") = "Server", "..\Server\Server.csproj", "{D3B09514-2877-4221-88F3-A6C6DA4426AA}"
EndProject
Global
	GlobalSection(SolutionConfigurationPlatforms) = preSolution
		Debug|Any CPU = Debug|Any CPU
		Release|Any CPU = Release|Any CPU
	EndGlobalSection
	GlobalSection(ProjectConfigurationPlatforms) = postSolution
		{240C878D-E634-4374-8FB2-FD7B767B1110}.Debug|Any CPU.ActiveCfg = Debug|Any CPU
		{240C878D-E634-4374-8FB2-FD7B767B1110}.Debug|Any CPU.Build.0 = Debug|Any CPU
		{240C878D-E634-4374-8FB2-FD7B767B1110}.Release|Any CPU.ActiveCfg = Release|Any CPU
		{240C878D-E634-4374-8FB2-FD7B767B1110}.Release|Any CPU.Build.0 = Release|Any CPU
		{C2274006-7709-4A2C-B2DA-D7F4B0964347}.Debug|Any CPU.ActiveCfg = Debug|Any CPU
		{C2274006-7709-4A2C-B2DA-D7F4B0964347}.Debug|Any CPU.Build.0 = Debug|Any CPU
		{C2274006-7709-4A2C-B2DA-D7F4B0964347}.Release|Any CPU.ActiveCfg = Release|Any CPU
		{C2274006-7709-4A2C-B2DA-D7F4B0964347}.Release|Any CPU.Build.0 = Release|Any CPU
		{D3B09514-2877-4221-88F3-A6C6DA4426AA}.Debug|Any CPU.ActiveCfg = Debug|Any CPU
		{D3B09514-2877-4221-88F3-A6C6DA4426AA}.Debug|Any CPU.Build.0 = Debug|Any CPU
		{D3B09514-2877-4221-88F3-A6C6DA4426AA}.Release|Any CPU.ActiveCfg = Release|Any CPU
		{D3B09514-2877-4221-88F3-A6C6DA4426AA}.Release|Any CPU.Build.0 = Release|Any CPU
	EndGlobalSection
	GlobalSection(SolutionProperties) = preSolution
		HideSolutionNode = FALSE
	EndGlobalSection
	GlobalSection(ExtensibilityGlobals) = postSolution
		SolutionGuid = {C8531EAA-EBAC-46C4-B78B-38E21794492E}
	EndGlobalSection
EndGlobal
